# THIS IS AN AUTOGENERATED FILE. DO NOT EDIT THIS FILE DIRECTLY.
# yarn lockfile v1


"@types/estree@0.0.39":
  version "0.0.39"
  resolved "https://registry.yarnpkg.com/@types/estree/-/estree-0.0.39.tgz#e177e699ee1b8c22d23174caaa7422644389509f"
  integrity sha512-EYNwp3bU+98cpU4lAWYYL7Zz+2gryWH1qbdDTidVd6hkiR6weksdbMadyXKXNPEkQFhXM+hVO9ZygomHXp+AIw==

"@types/node@^11.9.5":
  version "11.11.0"
  resolved "https://registry.yarnpkg.com/@types/node/-/node-11.11.0.tgz#070e9ce7c90e727aca0e0c14e470f9a93ffe9390"
  integrity sha512-D5Rt+HXgEywr3RQJcGlZUCTCx1qVbCZpVk3/tOOA6spLNZdGm8BU+zRgdRYDoF1pO3RuXLxADzMrF903JlQXqg==

acorn@^6.1.1:
  version "6.1.1"
  resolved "https://registry.yarnpkg.com/acorn/-/acorn-6.1.1.tgz#7d25ae05bb8ad1f9b699108e1094ecd7884adc1f"
  integrity sha512-jPTiwtOxaHNaAPg/dmrJ/beuzLRnXtB0kQPQ8JpotKJgTB6rX6c8mlf315941pyjBSaPg8NHXS9fhP4u17DpGA==

builtin-modules@^3.0.0:
  version "3.0.0"
  resolved "https://registry.yarnpkg.com/builtin-modules/-/builtin-modules-3.0.0.tgz#1e587d44b006620d90286cc7a9238bbc6129cab1"
  integrity sha512-hMIeU4K2ilbXV6Uv93ZZ0Avg/M91RaKXucQ+4me2Do1txxBDyDZWCBa5bJSLqoNTRpXTLwEzIk1KmloenDDjhg==

is-module@^1.0.0:
  version "1.0.0"
  resolved "https://registry.yarnpkg.com/is-module/-/is-module-1.0.0.tgz#3258fb69f78c14d5b815d664336b4cffb6441591"
  integrity sha1-Mlj7afeMFNW4FdZkM2tM/7ZEFZE=

lit-element@^2.0.1:
  version "2.0.1"
  resolved "https://registry.yarnpkg.com/lit-element/-/lit-element-2.0.1.tgz#9ec5871d3b64487f432c7c071df80ef031d7091b"
  integrity sha512-2bu3B2ZYUZgntvOgu3i5mRK8geo45CLUwxwJEYK54hyednoJasjiTZPB13NBg1D+hNM2JfmWTWJnh1QEUQv7zw==
  dependencies:
    lit-html "^1.0.0"

lit-html@^1.0.0:
  version "1.0.0"
  resolved "https://registry.yarnpkg.com/lit-html/-/lit-html-1.0.0.tgz#3dc3781a8ca68a9b5c2ff2a61e263662b9b2267b"
  integrity sha512-oeWlpLmBW3gFl7979Wol2LKITpmKTUFNn7PnFbh6YNynF61W74l6x5WhwItAwPRSATpexaX1egNnRzlN4GOtfQ==

path-parse@^1.0.6:
  version "1.0.6"
  resolved "https://registry.yarnpkg.com/path-parse/-/path-parse-1.0.6.tgz#d62dbb5679405d72c4737ec58600e9ddcf06d24c"
  integrity sha512-GSmOT2EbHrINBf9SR7CDELwlJ8AENk3Qn7OikK4nFYAu3Ote2+JYNVvkpAEQm3/TLNEJFD/xZJjzyxg3KBWOzw==

resolve@^1.10.0:
  version "1.10.0"
  resolved "https://registry.yarnpkg.com/resolve/-/resolve-1.10.0.tgz#3bdaaeaf45cc07f375656dfd2e54ed0810b101ba"
  integrity sha512-3sUr9aq5OfSg2S9pNtPA9hL1FVEAjvfOC4leW0SNf/mpnaakz2a9femSd6LqAww2RaFctwyf1lCqnTHuF1rxDg==
  dependencies:
    path-parse "^1.0.6"

rollup-plugin-node-resolve@^4.0.1:
  version "4.0.1"
  resolved "https://registry.yarnpkg.com/rollup-plugin-node-resolve/-/rollup-plugin-node-resolve-4.0.1.tgz#f95765d174e5daeef9ea6268566141f53aa9d422"
  integrity sha512-fSS7YDuCe0gYqKsr5OvxMloeZYUSgN43Ypi1WeRZzQcWtHgFayV5tUSPYpxuaioIIWaBXl6NrVk0T2/sKwueLg==
  dependencies:
    builtin-modules "^3.0.0"
    is-module "^1.0.0"
    resolve "^1.10.0"

rollup@^1.6.0:
  version "1.6.0"
  resolved "https://registry.yarnpkg.com/rollup/-/rollup-1.6.0.tgz#4329f4634718197c678d18491724d50d8b7ee76c"
  integrity sha512-qu9iWyuiOxAuBM8cAwLuqPclYdarIpayrkfQB7aTGTiyYPbvx+qVF33sIznfq4bxZCiytQux/FvZieUBAXivCw==
  dependencies:
    "@types/estree" "0.0.39"
    "@types/node" "^11.9.5"
    acorn "^6.1.1"
